{
  "name": "@ajsf/core",
  "version": "0.8.0",
  "lockfileVersion": 2,
  "requires": true,
  "packages": {
    "": {
      "name": "@ajsf/core",
      "version": "0.8.0",
      "license": "MIT",
      "dependencies": {
        "ajv": "^6.10.0",
        "lodash-es": "~4.17.21",
        "tslib": "^2.0.0"
      },
      "devDependencies": {
        "@types/lodash-es": "^4.17.6"
      },
      "peerDependencies": {
        "@angular/common": ">=15.0.0",
        "@angular/core": ">=15.0.0",
        "@angular/forms": ">=15.0.0",
        "@angular/platform-browser": ">=15.0.0",
        "rxjs": "^7.0.0"
      }
    },
    "node_modules/@angular/common": {
      "version": "15.2.6",
      "resolved": "https://npm.fabbricadigitale.it:4873/@angular%2fcommon/-/common-15.2.6.tgz",
      "integrity": "sha512-kPGJoSkFPXsIeHzcjlal8JC8/jYK9qAr+wv+HDX8O1J2FEzQjwoX4SYvpnvVk5WTqUkxMkRCTMu2YFAAmU1+qg==",
      "license": "MIT",
      "peer": true,
      "dependencies": {
        "tslib": "^2.3.0"
      },
      "engines": {
        "node": "^14.20.0 || ^16.13.0 || >=18.10.0"
      },
      "peerDependencies": {
        "@angular/core": "15.2.6",
        "rxjs": "^6.5.3 || ^7.4.0"
      }
    },
    "node_modules/@angular/core": {
      "version": "15.2.6",
      "resolved": "https://npm.fabbricadigitale.it:4873/@angular%2fcore/-/core-15.2.6.tgz",
      "integrity": "sha512-eN46OfSOLQGN6AciUvyHOJ8xQxmiEakkxJeoG1jwcSRXCjwSYYnQ/6drnhUpq5p43XXBAIduKfJXNztEPvLAkA==",
      "license": "MIT",
      "peer": true,
      "dependencies": {
        "tslib": "^2.3.0"
      },
      "engines": {
        "node": "^14.20.0 || ^16.13.0 || >=18.10.0"
      },
      "peerDependencies": {
        "rxjs": "^6.5.3 || ^7.4.0",
        "zone.js": "~0.11.4 || ~0.12.0 || ~0.13.0"
      }
    },
    "node_modules/@angular/forms": {
      "version": "15.2.6",
      "resolved": "https://npm.fabbricadigitale.it:4873/@angular%2fforms/-/forms-15.2.6.tgz",
      "integrity": "sha512-SdZxsE9MUOVMz0FjOwtx1RN/SGpObnAyZBqXNrN0c4BmJg+faJzvKIBBN102CKpWZOGRoq2YYrgxow9StMhxTw==",
      "license": "MIT",
      "peer": true,
      "dependencies": {
        "tslib": "^2.3.0"
      },
      "engines": {
        "node": "^14.20.0 || ^16.13.0 || >=18.10.0"
      },
      "peerDependencies": {
        "@angular/common": "15.2.6",
        "@angular/core": "15.2.6",
        "@angular/platform-browser": "15.2.6",
        "rxjs": "^6.5.3 || ^7.4.0"
      }
    },
    "node_modules/@angular/platform-browser": {
      "version": "15.2.6",
      "resolved": "https://npm.fabbricadigitale.it:4873/@angular%2fplatform-browser/-/platform-browser-15.2.6.tgz",
      "integrity": "sha512-8afckDEWfYf+cyxs2SboZBJkiCwFgYE8IH24RUW1t3zLC+wfrTr7UEfrCoD4YJRVJdqnPoRWN5gjz98n3n4zsA==",
      "license": "MIT",
      "peer": true,
      "dependencies": {
        "tslib": "^2.3.0"
      },
      "engines": {
        "node": "^14.20.0 || ^16.13.0 || >=18.10.0"
      },
      "peerDependencies": {
        "@angular/animations": "15.2.6",
        "@angular/common": "15.2.6",
        "@angular/core": "15.2.6"
      },
      "peerDependenciesMeta": {
        "@angular/animations": {
          "optional": true
        }
      }
    },
    "node_modules/@types/lodash": {
      "version": "4.14.192",
      "resolved": "https://npm.fabbricadigitale.it:4873/@types%2flodash/-/lodash-4.14.192.tgz",
      "integrity": "sha512-km+Vyn3BYm5ytMO13k9KTp27O75rbQ0NFw+U//g+PX7VZyjCioXaRFisqSIJRECljcTv73G3i6BpglNGHgUQ5A==",
      "dev": true,
      "license": "MIT"
    },
    "node_modules/@types/lodash-es": {
      "version": "4.17.7",
      "resolved": "https://npm.fabbricadigitale.it:4873/@types%2flodash-es/-/lodash-es-4.17.7.tgz",
      "integrity": "sha512-z0ptr6UI10VlU6l5MYhGwS4mC8DZyYer2mCoyysZtSF7p26zOX8UpbrV0YpNYLGS8K4PUFIyEr62IMFFjveSiQ==",
      "dev": true,
      "license": "MIT",
      "dependencies": {
        "@types/lodash": "*"
      }
    },
    "node_modules/ajv": {
      "version": "6.12.6",
      "resolved": "https://npm.fabbricadigitale.it:4873/ajv/-/ajv-6.12.6.tgz",
      "integrity": "sha512-j3fVLgvTo527anyYyJOGTYJbG+vnnQYvE0m5mmkc1TK+nxAppkCLMIL0aZ4dblVCNoGShhm+kzE4ZUykBoMg4g==",
      "license": "MIT",
      "dependencies": {
        "fast-deep-equal": "^3.1.1",
        "fast-json-stable-stringify": "^2.0.0",
        "json-schema-traverse": "^0.4.1",
        "uri-js": "^4.2.2"
      },
      "funding": {
        "type": "github",
        "url": "https://github.com/sponsors/epoberezkin"
      }
    },
    "node_modules/fast-deep-equal": {
      "version": "3.1.3",
      "resolved": "https://npm.fabbricadigitale.it:4873/fast-deep-equal/-/fast-deep-equal-3.1.3.tgz",
      "integrity": "sha512-f3qQ9oQy9j2AhBe/H9VC91wLmKBCCU/gDOnKNAYG5hswO7BLKj09Hc5HYNz9cGI++xlpDCIgDaitVs03ATR84Q==",
      "license": "MIT"
    },
    "node_modules/fast-json-stable-stringify": {
      "version": "2.1.0",
      "resolved": "https://npm.fabbricadigitale.it:4873/fast-json-stable-stringify/-/fast-json-stable-stringify-2.1.0.tgz",
      "integrity": "sha512-lhd/wF+Lk98HZoTCtlVraHtfh5XYijIjalXck7saUtuanSDyLMxnHhSXEDJqHxD7msR8D0uCmqlkwjCV8xvwHw==",
      "license": "MIT"
    },
    "node_modules/json-schema-traverse": {
      "version": "0.4.1",
      "resolved": "https://npm.fabbricadigitale.it:4873/json-schema-traverse/-/json-schema-traverse-0.4.1.tgz",
      "integrity": "sha512-xbbCH5dCYU5T8LcEhhuh7HJ88HXuW3qsI3Y0zOZFKfZEHcpWiHU/Jxzk629Brsab/mMiHQti9wMP+845RPe3Vg==",
      "license": "MIT"
    },
    "node_modules/lodash-es": {
      "version": "4.17.21",
      "resolved": "https://npm.fabbricadigitale.it:4873/lodash-es/-/lodash-es-4.17.21.tgz",
      "integrity": "sha512-mKnC+QJ9pWVzv+C4/U3rRsHapFfHvQFoFB92e52xeyGMcX6/OlIl78je1u8vePzYZSkkogMPJ2yjxxsb89cxyw==",
      "license": "MIT"
    },
    "node_modules/punycode": {
      "version": "2.3.0",
      "resolved": "https://npm.fabbricadigitale.it:4873/punycode/-/punycode-2.3.0.tgz",
      "integrity": "sha512-rRV+zQD8tVFys26lAGR9WUuS4iUAngJScM+ZRSKtvl5tKeZ2t5bvdNFdNHBW9FWR4guGHlgmsZ1G7BSm2wTbuA==",
      "license": "MIT",
      "engines": {
        "node": ">=6"
      }
    },
    "node_modules/rxjs": {
      "version": "7.8.0",
      "resolved": "https://npm.fabbricadigitale.it:4873/rxjs/-/rxjs-7.8.0.tgz",
      "integrity": "sha512-F2+gxDshqmIub1KdvZkaEfGDwLNpPvk9Fs6LD/MyQxNgMds/WH9OdDDXOmxUZpME+iSK3rQCctkL0DYyytUqMg==",
      "license": "Apache-2.0",
      "peer": true,
      "dependencies": {
        "tslib": "^2.1.0"
      }
    },
    "node_modules/tslib": {
      "version": "2.5.0",
      "resolved": "https://npm.fabbricadigitale.it:4873/tslib/-/tslib-2.5.0.tgz",
      "integrity": "sha512-336iVw3rtn2BUK7ORdIAHTyxHGRIHVReokCR3XjbckJMK7ms8FysBfhLR8IXnAgy7T0PTPNBWKiH514FOW/WSg==",
      "license": "0BSD"
    },
    "node_modules/uri-js": {
      "version": "4.4.1",
      "resolved": "https://npm.fabbricadigitale.it:4873/uri-js/-/uri-js-4.4.1.tgz",
      "integrity": "sha512-7rKUyy33Q1yc98pQ1DAmLtwX109F7TIfWlW1Ydo8Wl1ii1SeHieeh0HHfPeL2fMXK6z0s8ecKs9frCuLJvndBg==",
      "license": "BSD-2-Clause",
      "dependencies": {
        "punycode": "^2.1.0"
      }
    },
    "node_modules/zone.js": {
      "version": "0.13.0",
      "resolved": "https://npm.fabbricadigitale.it:4873/zone.js/-/zone.js-0.13.0.tgz",
      "integrity": "sha512-7m3hNNyswsdoDobCkYNAy5WiUulkMd3+fWaGT9ij6iq3Zr/IwJo4RMCYPSDjT+r7tnPErmY9sZpKhWQ8S5k6XQ==",
      "license": "MIT",
      "peer": true,
      "dependencies": {
        "tslib": "^2.3.0"
      }
    }
  },
  "dependencies": {
    "@angular/common": {
      "version": "15.2.6",
      "resolved": "https://npm.fabbricadigitale.it:4873/@angular%2fcommon/-/common-15.2.6.tgz",
      "integrity": "sha512-kPGJoSkFPXsIeHzcjlal8JC8/jYK9qAr+wv+HDX8O1J2FEzQjwoX4SYvpnvVk5WTqUkxMkRCTMu2YFAAmU1+qg==",
      "peer": true,
      "requires": {
        "tslib": "^2.3.0"
      }
    },
    "@angular/core": {
      "version": "15.2.6",
      "resolved": "https://npm.fabbricadigitale.it:4873/@angular%2fcore/-/core-15.2.6.tgz",
      "integrity": "sha512-eN46OfSOLQGN6AciUvyHOJ8xQxmiEakkxJeoG1jwcSRXCjwSYYnQ/6drnhUpq5p43XXBAIduKfJXNztEPvLAkA==",
      "peer": true,
      "requires": {
        "tslib": "^2.3.0"
      }
    },
    "@angular/forms": {
      "version": "15.2.6",
      "resolved": "https://npm.fabbricadigitale.it:4873/@angular%2fforms/-/forms-15.2.6.tgz",
      "integrity": "sha512-SdZxsE9MUOVMz0FjOwtx1RN/SGpObnAyZBqXNrN0c4BmJg+faJzvKIBBN102CKpWZOGRoq2YYrgxow9StMhxTw==",
      "peer": true,
      "requires": {
        "tslib": "^2.3.0"
      }
    },
    "@angular/platform-browser": {
      "version": "15.2.6",
      "resolved": "https://npm.fabbricadigitale.it:4873/@angular%2fplatform-browser/-/platform-browser-15.2.6.tgz",
      "integrity": "sha512-8afckDEWfYf+cyxs2SboZBJkiCwFgYE8IH24RUW1t3zLC+wfrTr7UEfrCoD4YJRVJdqnPoRWN5gjz98n3n4zsA==",
      "peer": true,
      "requires": {
        "tslib": "^2.3.0"
      }
    },
    "@types/lodash": {
      "version": "4.14.192",
      "resolved": "https://npm.fabbricadigitale.it:4873/@types%2flodash/-/lodash-4.14.192.tgz",
      "integrity": "sha512-km+Vyn3BYm5ytMO13k9KTp27O75rbQ0NFw+U//g+PX7VZyjCioXaRFisqSIJRECljcTv73G3i6BpglNGHgUQ5A==",
      "dev": true
    },
    "@types/lodash-es": {
      "version": "4.17.7",
      "resolved": "https://npm.fabbricadigitale.it:4873/@types%2flodash-es/-/lodash-es-4.17.7.tgz",
      "integrity": "sha512-z0ptr6UI10VlU6l5MYhGwS4mC8DZyYer2mCoyysZtSF7p26zOX8UpbrV0YpNYLGS8K4PUFIyEr62IMFFjveSiQ==",
      "dev": true,
      "requires": {
        "@types/lodash": "*"
      }
    },
    "ajv": {
      "version": "6.12.6",
      "resolved": "https://npm.fabbricadigitale.it:4873/ajv/-/ajv-6.12.6.tgz",
      "integrity": "sha512-j3fVLgvTo527anyYyJOGTYJbG+vnnQYvE0m5mmkc1TK+nxAppkCLMIL0aZ4dblVCNoGShhm+kzE4ZUykBoMg4g==",
      "requires": {
        "fast-deep-equal": "^3.1.1",
        "fast-json-stable-stringify": "^2.0.0",
        "json-schema-traverse": "^0.4.1",
        "uri-js": "^4.2.2"
      }
    },
    "fast-deep-equal": {
      "version": "3.1.3",
      "resolved": "https://npm.fabbricadigitale.it:4873/fast-deep-equal/-/fast-deep-equal-3.1.3.tgz",
      "integrity": "sha512-f3qQ9oQy9j2AhBe/H9VC91wLmKBCCU/gDOnKNAYG5hswO7BLKj09Hc5HYNz9cGI++xlpDCIgDaitVs03ATR84Q=="
    },
    "fast-json-stable-stringify": {
      "version": "2.1.0",
      "resolved": "https://npm.fabbricadigitale.it:4873/fast-json-stable-stringify/-/fast-json-stable-stringify-2.1.0.tgz",
      "integrity": "sha512-lhd/wF+Lk98HZoTCtlVraHtfh5XYijIjalXck7saUtuanSDyLMxnHhSXEDJqHxD7msR8D0uCmqlkwjCV8xvwHw=="
    },
    "json-schema-traverse": {
      "version": "0.4.1",
      "resolved": "https://npm.fabbricadigitale.it:4873/json-schema-traverse/-/json-schema-traverse-0.4.1.tgz",
      "integrity": "sha512-xbbCH5dCYU5T8LcEhhuh7HJ88HXuW3qsI3Y0zOZFKfZEHcpWiHU/Jxzk629Brsab/mMiHQti9wMP+845RPe3Vg=="
    },
    "lodash-es": {
      "version": "4.17.21",
      "resolved": "https://npm.fabbricadigitale.it:4873/lodash-es/-/lodash-es-4.17.21.tgz",
      "integrity": "sha512-mKnC+QJ9pWVzv+C4/U3rRsHapFfHvQFoFB92e52xeyGMcX6/OlIl78je1u8vePzYZSkkogMPJ2yjxxsb89cxyw=="
    },
    "punycode": {
      "version": "2.3.0",
      "resolved": "https://npm.fabbricadigitale.it:4873/punycode/-/punycode-2.3.0.tgz",
      "integrity": "sha512-rRV+zQD8tVFys26lAGR9WUuS4iUAngJScM+ZRSKtvl5tKeZ2t5bvdNFdNHBW9FWR4guGHlgmsZ1G7BSm2wTbuA=="
    },
    "rxjs": {
      "version": "7.8.0",
      "resolved": "https://npm.fabbricadigitale.it:4873/rxjs/-/rxjs-7.8.0.tgz",
      "integrity": "sha512-F2+gxDshqmIub1KdvZkaEfGDwLNpPvk9Fs6LD/MyQxNgMds/WH9OdDDXOmxUZpME+iSK3rQCctkL0DYyytUqMg==",
      "peer": true,
      "requires": {
        "tslib": "^2.1.0"
      }
    },
    "tslib": {
      "version": "2.5.0",
      "resolved": "https://npm.fabbricadigitale.it:4873/tslib/-/tslib-2.5.0.tgz",
      "integrity": "sha512-336iVw3rtn2BUK7ORdIAHTyxHGRIHVReokCR3XjbckJMK7ms8FysBfhLR8IXnAgy7T0PTPNBWKiH514FOW/WSg=="
    },
    "uri-js": {
      "version": "4.4.1",
      "resolved": "https://npm.fabbricadigitale.it:4873/uri-js/-/uri-js-4.4.1.tgz",
      "integrity": "sha512-7rKUyy33Q1yc98pQ1DAmLtwX109F7TIfWlW1Ydo8Wl1ii1SeHieeh0HHfPeL2fMXK6z0s8ecKs9frCuLJvndBg==",
      "requires": {
        "punycode": "^2.1.0"
      }
    },
    "zone.js": {
      "version": "0.13.0",
      "resolved": "https://npm.fabbricadigitale.it:4873/zone.js/-/zone.js-0.13.0.tgz",
      "integrity": "sha512-7m3hNNyswsdoDobCkYNAy5WiUulkMd3+fWaGT9ij6iq3Zr/IwJo4RMCYPSDjT+r7tnPErmY9sZpKhWQ8S5k6XQ==",
      "peer": true,
      "requires": {
        "tslib": "^2.3.0"
      }
    }
  }
}
